{
    "_readme": [
        "This file relies on the Dux application to be in a locked state",
        "Read more about it at https://www.dux.cn"
    ],
    "packages": [
        {
            "name": "duxweb/member",
            "description": "User Basic Application",
            "version": "0.0.1",
            "app": "member"
        },
        {
            "name": "duxweb/data",
            "description": "Data Application",
            "version": "0.0.6",
            "phpDependencies": {
                "cebe/php-openapi": "^1.8"
            },
            "app": "data"
        },
        {
            "name": "duxweb/system",
            "description": "System Application",
            "version": "0.0.2",
            "phpDependencies": {
                "duxweb/dux-lite": "^2.0.13",
                "duxweb/dux-lite-cloud": "dev-main",
                "godruoyi/php-snowflake": "^3.2",
                "jaybizzle/crawler-detect": "^1.3",
                "league/mime-type-detection": "^1.16",
                "donatj/phpuseragentparser": "^1.10"
            },
            "app": "system"
        }
    ]
}